
Microsoft Visual Studio Solution File, Format Version 12.00
# Visual Studio Version 17
VisualStudioVersion = 17.13.35825.156
MinimumVisualStudioVersion = 10.0.40219.1
Project("{FAE04EC0-301F-11D3-BF4B-00C04F79EFBC}") = "frontend_v2", "frontend.csproj", "{96B3D614-73C3-4ADC-B04C-D4E15FD7B74C}"
EndProject
Global
	GlobalSection(SolutionConfigurationPlatforms) = preSolution
		Debug|Any CPU = Debug|Any CPU
		Release|Any CPU = Release|Any CPU
	EndGlobalSection
	GlobalSection(ProjectConfigurationPlatforms) = postSolution
		{96B3D614-73C3-4ADC-B04C-D4E15FD7B74C}.Debug|Any CPU.ActiveCfg = Debug|Any CPU
		{96B3D614-73C3-4ADC-B04C-D4E15FD7B74C}.Debug|Any CPU.Build.0 = Debug|Any CPU
		{96B3D614-73C3-4ADC-B04C-D4E15FD7B74C}.Release|Any CPU.ActiveCfg = Release|Any CPU
		{96B3D614-73C3-4ADC-B04C-D4E15FD7B74C}.Release|Any CPU.Build.0 = Release|Any CPU
	EndGlobalSection
	GlobalSection(SolutionProperties) = preSolution
		HideSolutionNode = FALSE
	EndGlobalSection
	GlobalSection(ExtensibilityGlobals) = postSolution
		SolutionGuid = {D85A1A47-211E-4F7D-A613-A8755E09A846}
	EndGlobalSection
EndGlobal
